
Microsoft Visual Studio Solution File, Format Version 12.00
Project("{FAE04EC0-301F-11D3-BF4B-00C04F79EFBC}") = "CustomerPurchase", "CustomerPurchase\CustomerPurchase.csproj", "{1BCCFB29-30B7-4A76-AE33-47BE84383979}"
EndProject
Global
	GlobalSection(SolutionConfigurationPlatforms) = preSolution
		Debug|Any CPU = Debug|Any CPU
		Release|Any CPU = Release|Any CPU
	EndGlobalSection
	GlobalSection(ProjectConfigurationPlatforms) = postSolution
		{1BCCFB29-30B7-4A76-AE33-47BE84383979}.Debug|Any CPU.ActiveCfg = Debug|Any CPU
		{1BCCFB29-30B7-4A76-AE33-47BE84383979}.Debug|Any CPU.Build.0 = Debug|Any CPU
		{1BCCFB29-30B7-4A76-AE33-47BE84383979}.Release|Any CPU.ActiveCfg = Release|Any CPU
		{1BCCFB29-30B7-4A76-AE33-47BE84383979}.Release|Any CPU.Build.0 = Release|Any CPU
	EndGlobalSection
EndGlobal
